{
  "originHash" : "ab7ddeee2059c521b1cb1eb4a1d7971bad8c4d94842d99c4ec638ecd9779317b",
  "pins" : [
    {
      "identity" : "lottie-ios",
      "kind" : "remoteSourceControl",
      "location" : "https://github.com/airbnb/lottie-ios.git",
      "state" : {
        "revision" : "fe4c6fe3a0aa66cdeb51d549623c82ca9704b9a5",
        "version" : "4.5.0"
      }
    },
    {
      "identity" : "superscript-ios",
      "kind" : "remoteSourceControl",
      "location" : "https://github.com/superwall/Superscript-iOS",
      "state" : {
        "revision" : "4e08d383977883aaee406b7f0e52afb81a4ea66f",
        "version" : "0.1.12"
      }
    },
    {
      "identity" : "superwall-ios",
      "kind" : "remoteSourceControl",
      "location" : "https://github.com/superwall/Superwall-iOS",
      "state" : {
        "revision" : "ca1bd1a7b496576287b97885a868ca2b39e3b793",
        "version" : "3.11.1"
      }
    }
  ],
  "version" : 3
}
